
Microsoft Visual Studio Solution File, Format Version 12.00
# Visual Studio Version 16
VisualStudioVersion = 16.0.31424.327
MinimumVisualStudioVersion = 10.0.40219.1
Project("{FAE04EC0-301F-11D3-BF4B-00C04F79EFBC}") = "PhoneDepot", "PhoneDepot\PhoneDepot.csproj", "{02260311-06D4-41E1-87B9-9C6DC784580F}"
EndProject
Global
	GlobalSection(SolutionConfigurationPlatforms) = preSolution
		Debug|Any CPU = Debug|Any CPU
		Release|Any CPU = Release|Any CPU
	EndGlobalSection
	GlobalSection(ProjectConfigurationPlatforms) = postSolution
		{02260311-06D4-41E1-87B9-9C6DC784580F}.Debug|Any CPU.ActiveCfg = Debug|Any CPU
		{02260311-06D4-41E1-87B9-9C6DC784580F}.Debug|Any CPU.Build.0 = Debug|Any CPU
		{02260311-06D4-41E1-87B9-9C6DC784580F}.Release|Any CPU.ActiveCfg = Release|Any CPU
		{02260311-06D4-41E1-87B9-9C6DC784580F}.Release|Any CPU.Build.0 = Release|Any CPU
	EndGlobalSection
	GlobalSection(SolutionProperties) = preSolution
		HideSolutionNode = FALSE
	EndGlobalSection
	GlobalSection(ExtensibilityGlobals) = postSolution
		SolutionGuid = {4232C8B9-3C9D-46F4-A3E2-A15ED8DE6329}
	EndGlobalSection
EndGlobal
